
Microsoft Visual Studio Solution File, Format Version 12.00
# Visual Studio Version 16
VisualStudioVersion = 16.0.31624.102
MinimumVisualStudioVersion = 10.0.40219.1
Project("{FAE04EC0-301F-11D3-BF4B-00C04F79EFBC}") = "Britannia", "Britannia\Britannia.csproj", "{9776C06B-CAE2-4D97-BDFB-4CF8C538B1FA}"
EndProject
Global
	GlobalSection(SolutionConfigurationPlatforms) = preSolution
		Debug|Any CPU = Debug|Any CPU
		Release|Any CPU = Release|Any CPU
	EndGlobalSection
	GlobalSection(ProjectConfigurationPlatforms) = postSolution
		{9776C06B-CAE2-4D97-BDFB-4CF8C538B1FA}.Debug|Any CPU.ActiveCfg = Debug|Any CPU
		{9776C06B-CAE2-4D97-BDFB-4CF8C538B1FA}.Debug|Any CPU.Build.0 = Debug|Any CPU
		{9776C06B-CAE2-4D97-BDFB-4CF8C538B1FA}.Release|Any CPU.ActiveCfg = Release|Any CPU
		{9776C06B-CAE2-4D97-BDFB-4CF8C538B1FA}.Release|Any CPU.Build.0 = Release|Any CPU
	EndGlobalSection
	GlobalSection(SolutionProperties) = preSolution
		HideSolutionNode = FALSE
	EndGlobalSection
	GlobalSection(ExtensibilityGlobals) = postSolution
		SolutionGuid = {88061669-F815-440E-B862-3E24C74A8E17}
	EndGlobalSection
EndGlobal
